
Microsoft Visual Studio Solution File, Format Version 12.00
# Visual Studio 15
VisualStudioVersion = 15.0.28307.489
MinimumVisualStudioVersion = 10.0.40219.1
Project("{9A19103F-16F7-4668-BE54-9A1E7A4F7556}") = "ServerModManager", "ServerModManager\ServerModManager.csproj", "{D5DEC437-33A5-4016-9E5D-3082B3E4E078}"
EndProject
Project("{2150E333-8FDC-42A3-9474-1A3956D46DE8}") = "Solution Items", "Solution Items", "{44004A64-6E3A-4733-92AB-1B69553CEF7A}"
	ProjectSection(SolutionItems) = preProject
		DebugServer\packages.json = DebugServer\packages.json
		DebugServer\server.bat = DebugServer\server.bat
	EndProjectSection
EndProject
Global
	GlobalSection(SolutionConfigurationPlatforms) = preSolution
		Debug|Any CPU = Debug|Any CPU
		Release|Any CPU = Release|Any CPU
	EndGlobalSection
	GlobalSection(ProjectConfigurationPlatforms) = postSolution
		{D5DEC437-33A5-4016-9E5D-3082B3E4E078}.Debug|Any CPU.ActiveCfg = Debug|Any CPU
		{D5DEC437-33A5-4016-9E5D-3082B3E4E078}.Debug|Any CPU.Build.0 = Debug|Any CPU
		{D5DEC437-33A5-4016-9E5D-3082B3E4E078}.Release|Any CPU.ActiveCfg = Release|Any CPU
		{D5DEC437-33A5-4016-9E5D-3082B3E4E078}.Release|Any CPU.Build.0 = Release|Any CPU
	EndGlobalSection
	GlobalSection(SolutionProperties) = preSolution
		HideSolutionNode = FALSE
	EndGlobalSection
	GlobalSection(ExtensibilityGlobals) = postSolution
		SolutionGuid = {6D463EE5-2A3B-45F0-8AD6-615C9B5F8ED4}
	EndGlobalSection
EndGlobal
